
Microsoft Visual Studio Solution File, Format Version 11.00
# Visual Studio 2010
Project("{FAE04EC0-301F-11D3-BF4B-00C04F79EFBC}") = "ListDataListItemControl", "ListDataListItemControl\ListDataListItemControl.csproj", "{F8D2066A-8CB6-4AE0-8D8A-15A029AD3D90}"
EndProject
Project("{FAE04EC0-301F-11D3-BF4B-00C04F79EFBC}") = "ImageTitleDataListItemControl", "ImageTitleDataListItemControl\ImageTitleDataListItemControl.csproj", "{562A13BF-128C-4AAD-9C6B-076FEE5ABC89}"
EndProject
Global
	GlobalSection(SolutionConfigurationPlatforms) = preSolution
		Debug|Any CPU = Debug|Any CPU
		Release|Any CPU = Release|Any CPU
	EndGlobalSection
	GlobalSection(ProjectConfigurationPlatforms) = postSolution
		{F8D2066A-8CB6-4AE0-8D8A-15A029AD3D90}.Debug|Any CPU.ActiveCfg = Debug|Any CPU
		{F8D2066A-8CB6-4AE0-8D8A-15A029AD3D90}.Debug|Any CPU.Build.0 = Debug|Any CPU
		{F8D2066A-8CB6-4AE0-8D8A-15A029AD3D90}.Release|Any CPU.ActiveCfg = Release|Any CPU
		{F8D2066A-8CB6-4AE0-8D8A-15A029AD3D90}.Release|Any CPU.Build.0 = Release|Any CPU
		{562A13BF-128C-4AAD-9C6B-076FEE5ABC89}.Debug|Any CPU.ActiveCfg = Debug|Any CPU
		{562A13BF-128C-4AAD-9C6B-076FEE5ABC89}.Debug|Any CPU.Build.0 = Debug|Any CPU
		{562A13BF-128C-4AAD-9C6B-076FEE5ABC89}.Release|Any CPU.ActiveCfg = Release|Any CPU
		{562A13BF-128C-4AAD-9C6B-076FEE5ABC89}.Release|Any CPU.Build.0 = Release|Any CPU
	EndGlobalSection
	GlobalSection(SolutionProperties) = preSolution
		HideSolutionNode = FALSE
	EndGlobalSection
EndGlobal
