
Microsoft Visual Studio Solution File, Format Version 11.00
# Visual Studio 2010
Project("{FAE04EC0-301F-11D3-BF4B-00C04F79EFBC}") = "ImageListControl", "ImageListControl\ImageListControl.csproj", "{29905989-0504-400F-8452-45FD7F9C7240}"
EndProject
Project("{FAE04EC0-301F-11D3-BF4B-00C04F79EFBC}") = "test", "test\test.csproj", "{7671EDC1-6804-4F67-971C-A6AC74D151DB}"
EndProject
Project("{FAE04EC0-301F-11D3-BF4B-00C04F79EFBC}") = "test.Web", "test.Web\test.Web.csproj", "{F01AE6BA-6F21-4FE6-ADA1-6C110655C28E}"
EndProject
Global
	GlobalSection(SolutionConfigurationPlatforms) = preSolution
		Debug|Any CPU = Debug|Any CPU
		Release|Any CPU = Release|Any CPU
	EndGlobalSection
	GlobalSection(ProjectConfigurationPlatforms) = postSolution
		{29905989-0504-400F-8452-45FD7F9C7240}.Debug|Any CPU.ActiveCfg = Debug|Any CPU
		{29905989-0504-400F-8452-45FD7F9C7240}.Debug|Any CPU.Build.0 = Debug|Any CPU
		{29905989-0504-400F-8452-45FD7F9C7240}.Release|Any CPU.ActiveCfg = Release|Any CPU
		{29905989-0504-400F-8452-45FD7F9C7240}.Release|Any CPU.Build.0 = Release|Any CPU
		{7671EDC1-6804-4F67-971C-A6AC74D151DB}.Debug|Any CPU.ActiveCfg = Debug|Any CPU
		{7671EDC1-6804-4F67-971C-A6AC74D151DB}.Debug|Any CPU.Build.0 = Debug|Any CPU
		{7671EDC1-6804-4F67-971C-A6AC74D151DB}.Release|Any CPU.ActiveCfg = Release|Any CPU
		{7671EDC1-6804-4F67-971C-A6AC74D151DB}.Release|Any CPU.Build.0 = Release|Any CPU
		{F01AE6BA-6F21-4FE6-ADA1-6C110655C28E}.Debug|Any CPU.ActiveCfg = Debug|Any CPU
		{F01AE6BA-6F21-4FE6-ADA1-6C110655C28E}.Debug|Any CPU.Build.0 = Debug|Any CPU
		{F01AE6BA-6F21-4FE6-ADA1-6C110655C28E}.Release|Any CPU.ActiveCfg = Release|Any CPU
		{F01AE6BA-6F21-4FE6-ADA1-6C110655C28E}.Release|Any CPU.Build.0 = Release|Any CPU
	EndGlobalSection
	GlobalSection(SolutionProperties) = preSolution
		HideSolutionNode = FALSE
	EndGlobalSection
EndGlobal
