
Microsoft Visual Studio Solution File, Format Version 11.00
# Visual Studio 2010
Project("{FAE04EC0-301F-11D3-BF4B-00C04F79EFBC}") = "WebServer", "WebServer\WebServer.csproj", "{DDC018A3-31BB-4C3C-9C7F-0C8EE16BDCCC}"
	ProjectSection(ProjectDependencies) = postProject
		{8024F451-B730-4E97-B671-84CCB93DF036} = {8024F451-B730-4E97-B671-84CCB93DF036}
	EndProjectSection
EndProject
Project("{FAE04EC0-301F-11D3-BF4B-00C04F79EFBC}") = "WebServer.Web", "WebServer.Web\WebServer.Web.csproj", "{8024F451-B730-4E97-B671-84CCB93DF036}"
EndProject
Global
	GlobalSection(SolutionConfigurationPlatforms) = preSolution
		Debug|Any CPU = Debug|Any CPU
		Release|Any CPU = Release|Any CPU
	EndGlobalSection
	GlobalSection(ProjectConfigurationPlatforms) = postSolution
		{DDC018A3-31BB-4C3C-9C7F-0C8EE16BDCCC}.Debug|Any CPU.ActiveCfg = Debug|Any CPU
		{DDC018A3-31BB-4C3C-9C7F-0C8EE16BDCCC}.Debug|Any CPU.Build.0 = Debug|Any CPU
		{DDC018A3-31BB-4C3C-9C7F-0C8EE16BDCCC}.Release|Any CPU.ActiveCfg = Release|Any CPU
		{DDC018A3-31BB-4C3C-9C7F-0C8EE16BDCCC}.Release|Any CPU.Build.0 = Release|Any CPU
		{8024F451-B730-4E97-B671-84CCB93DF036}.Debug|Any CPU.ActiveCfg = Debug|Any CPU
		{8024F451-B730-4E97-B671-84CCB93DF036}.Debug|Any CPU.Build.0 = Debug|Any CPU
		{8024F451-B730-4E97-B671-84CCB93DF036}.Release|Any CPU.ActiveCfg = Release|Any CPU
		{8024F451-B730-4E97-B671-84CCB93DF036}.Release|Any CPU.Build.0 = Release|Any CPU
	EndGlobalSection
	GlobalSection(SolutionProperties) = preSolution
		HideSolutionNode = FALSE
	EndGlobalSection
EndGlobal
