
Microsoft Visual Studio Solution File, Format Version 11.00
# Visual Studio 2010
Project("{FAE04EC0-301F-11D3-BF4B-00C04F79EFBC}") = "MashupDesignTool", "MashupDesignTool\MashupDesignTool.csproj", "{6798B89C-1D97-4C82-A4D5-06F817CA2DF0}"
EndProject
Project("{FAE04EC0-301F-11D3-BF4B-00C04F79EFBC}") = "MashupDesignTool.Web", "MashupDesignTool.Web\MashupDesignTool.Web.csproj", "{25407CA3-FC19-4F58-85AF-96EB8CDC41FF}"
EndProject
Project("{FAE04EC0-301F-11D3-BF4B-00C04F79EFBC}") = "DockCanvas", "DockCanvas\DockCanvas.csproj", "{C38EEC60-122E-4002-A7B1-E6465DC41201}"
EndProject
Project("{FAE04EC0-301F-11D3-BF4B-00C04F79EFBC}") = "MyPropertyGrid", "MyPropertyGrid\MyPropertyGrid.csproj", "{EBE7ECFD-0942-49A9-BF98-0FE9378C1472}"
EndProject
Project("{FAE04EC0-301F-11D3-BF4B-00C04F79EFBC}") = "ColorPicker", "ColorPicker\ColorPicker.csproj", "{DCA68119-D086-44AF-A067-A6B9F3FEEA80}"
EndProject
Project("{FAE04EC0-301F-11D3-BF4B-00C04F79EFBC}") = "Effect", "Effect\Effect.csproj", "{D7CD730C-B3EF-4558-AC0C-F24DDF19099D}"
EndProject
Project("{FAE04EC0-301F-11D3-BF4B-00C04F79EFBC}") = "Liquid.HtmlRichTextArea", "Liquid.HtmlRichTextArea\Liquid.HtmlRichTextArea.csproj", "{3631374F-4860-4C3A-A99B-A27088926FB2}"
EndProject
Project("{FAE04EC0-301F-11D3-BF4B-00C04F79EFBC}") = "Testcontrol1", "Testcontrol1\Testcontrol1.csproj", "{AAA4E9CE-56C4-4D7C-8EE7-94CAA670A3E1}"
EndProject
Project("{FAE04EC0-301F-11D3-BF4B-00C04F79EFBC}") = "WcfService", "WcfService\WcfService.csproj", "{A030D202-0053-498B-958C-CAA017926C05}"
EndProject
Project("{FAE04EC0-301F-11D3-BF4B-00C04F79EFBC}") = "BasicLibrary", "BasicLibrary\BasicLibrary.csproj", "{CAC33183-F531-43AD-A288-6575775B4BE1}"
EndProject
Project("{FAE04EC0-301F-11D3-BF4B-00C04F79EFBC}") = "EffectLibrary", "EffectLibrary\EffectLibrary.csproj", "{6425CF3D-F24F-458D-ABEC-604AAA44B894}"
EndProject
Project("{FAE04EC0-301F-11D3-BF4B-00C04F79EFBC}") = "RssSlideshowControl", "RssSlideshowControl\RssSlideshowControl.csproj", "{68C26FE2-0A06-4C0A-AD42-D738A0885E2E}"
	ProjectSection(ProjectDependencies) = postProject
		{A030D202-0053-498B-958C-CAA017926C05} = {A030D202-0053-498B-958C-CAA017926C05}
	EndProjectSection
EndProject
Project("{FAE04EC0-301F-11D3-BF4B-00C04F79EFBC}") = "MacStyleContactFormControl", "MacStyleContactForm\MacStyleContactFormControl.csproj", "{F5482342-F4A3-49C0-94DE-E61C9A21853C}"
	ProjectSection(ProjectDependencies) = postProject
		{A030D202-0053-498B-958C-CAA017926C05} = {A030D202-0053-498B-958C-CAA017926C05}
	EndProjectSection
EndProject
Project("{FAE04EC0-301F-11D3-BF4B-00C04F79EFBC}") = "MapulRibbon", "MapulRibbon\MapulRibbon.csproj", "{E6875CC4-6311-41E3-B8F0-F4E3B27E8A59}"
EndProject
Global
	GlobalSection(SolutionConfigurationPlatforms) = preSolution
		Debug|Any CPU = Debug|Any CPU
		Release|Any CPU = Release|Any CPU
	EndGlobalSection
	GlobalSection(ProjectConfigurationPlatforms) = postSolution
		{6798B89C-1D97-4C82-A4D5-06F817CA2DF0}.Debug|Any CPU.ActiveCfg = Debug|Any CPU
		{6798B89C-1D97-4C82-A4D5-06F817CA2DF0}.Debug|Any CPU.Build.0 = Debug|Any CPU
		{6798B89C-1D97-4C82-A4D5-06F817CA2DF0}.Release|Any CPU.ActiveCfg = Release|Any CPU
		{6798B89C-1D97-4C82-A4D5-06F817CA2DF0}.Release|Any CPU.Build.0 = Release|Any CPU
		{25407CA3-FC19-4F58-85AF-96EB8CDC41FF}.Debug|Any CPU.ActiveCfg = Debug|Any CPU
		{25407CA3-FC19-4F58-85AF-96EB8CDC41FF}.Debug|Any CPU.Build.0 = Debug|Any CPU
		{25407CA3-FC19-4F58-85AF-96EB8CDC41FF}.Release|Any CPU.ActiveCfg = Release|Any CPU
		{25407CA3-FC19-4F58-85AF-96EB8CDC41FF}.Release|Any CPU.Build.0 = Release|Any CPU
		{C38EEC60-122E-4002-A7B1-E6465DC41201}.Debug|Any CPU.ActiveCfg = Debug|Any CPU
		{C38EEC60-122E-4002-A7B1-E6465DC41201}.Debug|Any CPU.Build.0 = Debug|Any CPU
		{C38EEC60-122E-4002-A7B1-E6465DC41201}.Release|Any CPU.ActiveCfg = Release|Any CPU
		{C38EEC60-122E-4002-A7B1-E6465DC41201}.Release|Any CPU.Build.0 = Release|Any CPU
		{EBE7ECFD-0942-49A9-BF98-0FE9378C1472}.Debug|Any CPU.ActiveCfg = Debug|Any CPU
		{EBE7ECFD-0942-49A9-BF98-0FE9378C1472}.Debug|Any CPU.Build.0 = Debug|Any CPU
		{EBE7ECFD-0942-49A9-BF98-0FE9378C1472}.Release|Any CPU.ActiveCfg = Release|Any CPU
		{EBE7ECFD-0942-49A9-BF98-0FE9378C1472}.Release|Any CPU.Build.0 = Release|Any CPU
		{DCA68119-D086-44AF-A067-A6B9F3FEEA80}.Debug|Any CPU.ActiveCfg = Debug|Any CPU
		{DCA68119-D086-44AF-A067-A6B9F3FEEA80}.Debug|Any CPU.Build.0 = Debug|Any CPU
		{DCA68119-D086-44AF-A067-A6B9F3FEEA80}.Release|Any CPU.ActiveCfg = Release|Any CPU
		{DCA68119-D086-44AF-A067-A6B9F3FEEA80}.Release|Any CPU.Build.0 = Release|Any CPU
		{D7CD730C-B3EF-4558-AC0C-F24DDF19099D}.Debug|Any CPU.ActiveCfg = Debug|Any CPU
		{D7CD730C-B3EF-4558-AC0C-F24DDF19099D}.Debug|Any CPU.Build.0 = Debug|Any CPU
		{D7CD730C-B3EF-4558-AC0C-F24DDF19099D}.Release|Any CPU.ActiveCfg = Release|Any CPU
		{D7CD730C-B3EF-4558-AC0C-F24DDF19099D}.Release|Any CPU.Build.0 = Release|Any CPU
		{3631374F-4860-4C3A-A99B-A27088926FB2}.Debug|Any CPU.ActiveCfg = Debug|Any CPU
		{3631374F-4860-4C3A-A99B-A27088926FB2}.Debug|Any CPU.Build.0 = Debug|Any CPU
		{3631374F-4860-4C3A-A99B-A27088926FB2}.Release|Any CPU.ActiveCfg = Release|Any CPU
		{3631374F-4860-4C3A-A99B-A27088926FB2}.Release|Any CPU.Build.0 = Release|Any CPU
		{AAA4E9CE-56C4-4D7C-8EE7-94CAA670A3E1}.Debug|Any CPU.ActiveCfg = Debug|Any CPU
		{AAA4E9CE-56C4-4D7C-8EE7-94CAA670A3E1}.Debug|Any CPU.Build.0 = Debug|Any CPU
		{AAA4E9CE-56C4-4D7C-8EE7-94CAA670A3E1}.Release|Any CPU.ActiveCfg = Release|Any CPU
		{AAA4E9CE-56C4-4D7C-8EE7-94CAA670A3E1}.Release|Any CPU.Build.0 = Release|Any CPU
		{A030D202-0053-498B-958C-CAA017926C05}.Debug|Any CPU.ActiveCfg = Debug|Any CPU
		{A030D202-0053-498B-958C-CAA017926C05}.Debug|Any CPU.Build.0 = Debug|Any CPU
		{A030D202-0053-498B-958C-CAA017926C05}.Release|Any CPU.ActiveCfg = Release|Any CPU
		{A030D202-0053-498B-958C-CAA017926C05}.Release|Any CPU.Build.0 = Release|Any CPU
		{CAC33183-F531-43AD-A288-6575775B4BE1}.Debug|Any CPU.ActiveCfg = Debug|Any CPU
		{CAC33183-F531-43AD-A288-6575775B4BE1}.Debug|Any CPU.Build.0 = Debug|Any CPU
		{CAC33183-F531-43AD-A288-6575775B4BE1}.Release|Any CPU.ActiveCfg = Release|Any CPU
		{CAC33183-F531-43AD-A288-6575775B4BE1}.Release|Any CPU.Build.0 = Release|Any CPU
		{6425CF3D-F24F-458D-ABEC-604AAA44B894}.Debug|Any CPU.ActiveCfg = Debug|Any CPU
		{6425CF3D-F24F-458D-ABEC-604AAA44B894}.Debug|Any CPU.Build.0 = Debug|Any CPU
		{6425CF3D-F24F-458D-ABEC-604AAA44B894}.Release|Any CPU.ActiveCfg = Release|Any CPU
		{6425CF3D-F24F-458D-ABEC-604AAA44B894}.Release|Any CPU.Build.0 = Release|Any CPU
		{68C26FE2-0A06-4C0A-AD42-D738A0885E2E}.Debug|Any CPU.ActiveCfg = Debug|Any CPU
		{68C26FE2-0A06-4C0A-AD42-D738A0885E2E}.Debug|Any CPU.Build.0 = Debug|Any CPU
		{68C26FE2-0A06-4C0A-AD42-D738A0885E2E}.Release|Any CPU.ActiveCfg = Release|Any CPU
		{68C26FE2-0A06-4C0A-AD42-D738A0885E2E}.Release|Any CPU.Build.0 = Release|Any CPU
		{F5482342-F4A3-49C0-94DE-E61C9A21853C}.Debug|Any CPU.ActiveCfg = Debug|Any CPU
		{F5482342-F4A3-49C0-94DE-E61C9A21853C}.Debug|Any CPU.Build.0 = Debug|Any CPU
		{F5482342-F4A3-49C0-94DE-E61C9A21853C}.Release|Any CPU.ActiveCfg = Release|Any CPU
		{F5482342-F4A3-49C0-94DE-E61C9A21853C}.Release|Any CPU.Build.0 = Release|Any CPU
		{E6875CC4-6311-41E3-B8F0-F4E3B27E8A59}.Debug|Any CPU.ActiveCfg = Debug|Any CPU
		{E6875CC4-6311-41E3-B8F0-F4E3B27E8A59}.Debug|Any CPU.Build.0 = Debug|Any CPU
		{E6875CC4-6311-41E3-B8F0-F4E3B27E8A59}.Release|Any CPU.ActiveCfg = Release|Any CPU
		{E6875CC4-6311-41E3-B8F0-F4E3B27E8A59}.Release|Any CPU.Build.0 = Release|Any CPU
	EndGlobalSection
	GlobalSection(SolutionProperties) = preSolution
		HideSolutionNode = FALSE
	EndGlobalSection
EndGlobal
