
Microsoft Visual Studio Solution File, Format Version 11.00
# Visual Studio 2010
Project("{FAE04EC0-301F-11D3-BF4B-00C04F79EFBC}") = "MashupDesignTool.Web", "MashupDesignTool.Web\MashupDesignTool.Web.csproj", "{25407CA3-FC19-4F58-85AF-96EB8CDC41FF}"
EndProject
Project("{FAE04EC0-301F-11D3-BF4B-00C04F79EFBC}") = "DockCanvas", "DockCanvas\DockCanvas.csproj", "{C38EEC60-122E-4002-A7B1-E6465DC41201}"
EndProject
Project("{FAE04EC0-301F-11D3-BF4B-00C04F79EFBC}") = "MyPropertyGrid", "MyPropertyGrid\MyPropertyGrid.csproj", "{EBE7ECFD-0942-49A9-BF98-0FE9378C1472}"
EndProject
Project("{FAE04EC0-301F-11D3-BF4B-00C04F79EFBC}") = "ColorPicker", "ColorPicker\ColorPicker.csproj", "{DCA68119-D086-44AF-A067-A6B9F3FEEA80}"
EndProject
Project("{FAE04EC0-301F-11D3-BF4B-00C04F79EFBC}") = "Liquid.HtmlRichTextArea", "Liquid.HtmlRichTextArea\Liquid.HtmlRichTextArea.csproj", "{3631374F-4860-4C3A-A99B-A27088926FB2}"
EndProject
Project("{FAE04EC0-301F-11D3-BF4B-00C04F79EFBC}") = "WcfService", "WcfService\WcfService.csproj", "{A030D202-0053-498B-958C-CAA017926C05}"
EndProject
Project("{FAE04EC0-301F-11D3-BF4B-00C04F79EFBC}") = "BasicLibrary", "BasicLibrary\BasicLibrary.csproj", "{CAC33183-F531-43AD-A288-6575775B4BE1}"
EndProject
Project("{FAE04EC0-301F-11D3-BF4B-00C04F79EFBC}") = "EffectLibrary", "EffectLibrary\EffectLibrary.csproj", "{6425CF3D-F24F-458D-ABEC-604AAA44B894}"
EndProject
Project("{FAE04EC0-301F-11D3-BF4B-00C04F79EFBC}") = "MapulRibbon", "MapulRibbon\MapulRibbon.csproj", "{E6875CC4-6311-41E3-B8F0-F4E3B27E8A59}"
EndProject
Project("{FAE04EC0-301F-11D3-BF4B-00C04F79EFBC}") = "ImageListEditor", "ImageListEditor\ImageListEditor.csproj", "{3E104867-6004-47A1-AB24-8158A307EDB5}"
EndProject
Project("{FAE04EC0-301F-11D3-BF4B-00C04F79EFBC}") = "FloatableWindow", "FloatableWindow\FloatableWindow.csproj", "{018E725A-830D-4913-B646-067E2222B4EE}"
EndProject
Project("{FAE04EC0-301F-11D3-BF4B-00C04F79EFBC}") = "RichText", "RichText\RichText.csproj", "{0FDB4ACD-0F11-43CC-B777-D58D112A9763}"
EndProject
Project("{2150E333-8FDC-42A3-9474-1A3956D46DE8}") = "editor", "editor", "{3C5BEEB8-B7C8-4E3F-9CE6-224D78C82C15}"
EndProject
Project("{FAE04EC0-301F-11D3-BF4B-00C04F79EFBC}") = "MenuEditor", "MenuEditor\MenuEditor.csproj", "{31290C15-807E-4F92-895D-C8035D58AAC3}"
EndProject
Project("{FAE04EC0-301F-11D3-BF4B-00C04F79EFBC}") = "BrushEditor", "BrushEditor\BrushEditor.csproj", "{D3161FDC-CA40-42E7-90A8-02075AB1027B}"
EndProject
Project("{FAE04EC0-301F-11D3-BF4B-00C04F79EFBC}") = "Downloader", "Downloader\Downloader.csproj", "{E1ED4C5B-2B09-4C19-BB7D-1A07A9804365}"
EndProject
Project("{FAE04EC0-301F-11D3-BF4B-00C04F79EFBC}") = "Event", "Event\Event.csproj", "{6AB4A417-5F76-48C6-92C1-080AFBA52D8B}"
EndProject
Project("{FAE04EC0-301F-11D3-BF4B-00C04F79EFBC}") = "EventGrid", "EventGrid\EventGrid.csproj", "{04202A79-FC40-4DCD-9D08-D55214D814D8}"
EndProject
Project("{FAE04EC0-301F-11D3-BF4B-00C04F79EFBC}") = "DesignCanvas", "DesignCanvas\DesignCanvas.csproj", "{6A28EAFE-1B8B-4801-8382-7B312F0774E7}"
EndProject
Project("{FAE04EC0-301F-11D3-BF4B-00C04F79EFBC}") = "Serializer", "Serializer\Serializer.csproj", "{FFF9DFD8-6B8C-4BE3-967D-4A532FBBD6DD}"
EndProject
Project("{FAE04EC0-301F-11D3-BF4B-00C04F79EFBC}") = "Present", "Present\Present.csproj", "{BE85779E-34C2-47DA-ABF5-0A629C04029B}"
EndProject
Project("{FAE04EC0-301F-11D3-BF4B-00C04F79EFBC}") = "MashupDesignTool", "MashupDesignTool\MashupDesignTool.csproj", "{156D2974-36B2-493C-BF74-6D5D6303C215}"
EndProject
Global
	GlobalSection(SolutionConfigurationPlatforms) = preSolution
		Debug|Any CPU = Debug|Any CPU
		Release|Any CPU = Release|Any CPU
	EndGlobalSection
	GlobalSection(ProjectConfigurationPlatforms) = postSolution
		{25407CA3-FC19-4F58-85AF-96EB8CDC41FF}.Debug|Any CPU.ActiveCfg = Debug|Any CPU
		{25407CA3-FC19-4F58-85AF-96EB8CDC41FF}.Debug|Any CPU.Build.0 = Debug|Any CPU
		{25407CA3-FC19-4F58-85AF-96EB8CDC41FF}.Release|Any CPU.ActiveCfg = Release|Any CPU
		{25407CA3-FC19-4F58-85AF-96EB8CDC41FF}.Release|Any CPU.Build.0 = Release|Any CPU
		{C38EEC60-122E-4002-A7B1-E6465DC41201}.Debug|Any CPU.ActiveCfg = Debug|Any CPU
		{C38EEC60-122E-4002-A7B1-E6465DC41201}.Debug|Any CPU.Build.0 = Debug|Any CPU
		{C38EEC60-122E-4002-A7B1-E6465DC41201}.Release|Any CPU.ActiveCfg = Release|Any CPU
		{C38EEC60-122E-4002-A7B1-E6465DC41201}.Release|Any CPU.Build.0 = Release|Any CPU
		{EBE7ECFD-0942-49A9-BF98-0FE9378C1472}.Debug|Any CPU.ActiveCfg = Debug|Any CPU
		{EBE7ECFD-0942-49A9-BF98-0FE9378C1472}.Debug|Any CPU.Build.0 = Debug|Any CPU
		{EBE7ECFD-0942-49A9-BF98-0FE9378C1472}.Release|Any CPU.ActiveCfg = Release|Any CPU
		{EBE7ECFD-0942-49A9-BF98-0FE9378C1472}.Release|Any CPU.Build.0 = Release|Any CPU
		{DCA68119-D086-44AF-A067-A6B9F3FEEA80}.Debug|Any CPU.ActiveCfg = Debug|Any CPU
		{DCA68119-D086-44AF-A067-A6B9F3FEEA80}.Debug|Any CPU.Build.0 = Debug|Any CPU
		{DCA68119-D086-44AF-A067-A6B9F3FEEA80}.Release|Any CPU.ActiveCfg = Release|Any CPU
		{DCA68119-D086-44AF-A067-A6B9F3FEEA80}.Release|Any CPU.Build.0 = Release|Any CPU
		{3631374F-4860-4C3A-A99B-A27088926FB2}.Debug|Any CPU.ActiveCfg = Debug|Any CPU
		{3631374F-4860-4C3A-A99B-A27088926FB2}.Debug|Any CPU.Build.0 = Debug|Any CPU
		{3631374F-4860-4C3A-A99B-A27088926FB2}.Release|Any CPU.ActiveCfg = Release|Any CPU
		{3631374F-4860-4C3A-A99B-A27088926FB2}.Release|Any CPU.Build.0 = Release|Any CPU
		{A030D202-0053-498B-958C-CAA017926C05}.Debug|Any CPU.ActiveCfg = Debug|Any CPU
		{A030D202-0053-498B-958C-CAA017926C05}.Debug|Any CPU.Build.0 = Debug|Any CPU
		{A030D202-0053-498B-958C-CAA017926C05}.Release|Any CPU.ActiveCfg = Release|Any CPU
		{A030D202-0053-498B-958C-CAA017926C05}.Release|Any CPU.Build.0 = Release|Any CPU
		{CAC33183-F531-43AD-A288-6575775B4BE1}.Debug|Any CPU.ActiveCfg = Debug|Any CPU
		{CAC33183-F531-43AD-A288-6575775B4BE1}.Debug|Any CPU.Build.0 = Debug|Any CPU
		{CAC33183-F531-43AD-A288-6575775B4BE1}.Release|Any CPU.ActiveCfg = Release|Any CPU
		{CAC33183-F531-43AD-A288-6575775B4BE1}.Release|Any CPU.Build.0 = Release|Any CPU
		{6425CF3D-F24F-458D-ABEC-604AAA44B894}.Debug|Any CPU.ActiveCfg = Debug|Any CPU
		{6425CF3D-F24F-458D-ABEC-604AAA44B894}.Debug|Any CPU.Build.0 = Debug|Any CPU
		{6425CF3D-F24F-458D-ABEC-604AAA44B894}.Release|Any CPU.ActiveCfg = Release|Any CPU
		{6425CF3D-F24F-458D-ABEC-604AAA44B894}.Release|Any CPU.Build.0 = Release|Any CPU
		{E6875CC4-6311-41E3-B8F0-F4E3B27E8A59}.Debug|Any CPU.ActiveCfg = Debug|Any CPU
		{E6875CC4-6311-41E3-B8F0-F4E3B27E8A59}.Debug|Any CPU.Build.0 = Debug|Any CPU
		{E6875CC4-6311-41E3-B8F0-F4E3B27E8A59}.Release|Any CPU.ActiveCfg = Release|Any CPU
		{E6875CC4-6311-41E3-B8F0-F4E3B27E8A59}.Release|Any CPU.Build.0 = Release|Any CPU
		{3E104867-6004-47A1-AB24-8158A307EDB5}.Debug|Any CPU.ActiveCfg = Debug|Any CPU
		{3E104867-6004-47A1-AB24-8158A307EDB5}.Debug|Any CPU.Build.0 = Debug|Any CPU
		{3E104867-6004-47A1-AB24-8158A307EDB5}.Release|Any CPU.ActiveCfg = Release|Any CPU
		{3E104867-6004-47A1-AB24-8158A307EDB5}.Release|Any CPU.Build.0 = Release|Any CPU
		{018E725A-830D-4913-B646-067E2222B4EE}.Debug|Any CPU.ActiveCfg = Debug|Any CPU
		{018E725A-830D-4913-B646-067E2222B4EE}.Debug|Any CPU.Build.0 = Debug|Any CPU
		{018E725A-830D-4913-B646-067E2222B4EE}.Release|Any CPU.ActiveCfg = Release|Any CPU
		{018E725A-830D-4913-B646-067E2222B4EE}.Release|Any CPU.Build.0 = Release|Any CPU
		{0FDB4ACD-0F11-43CC-B777-D58D112A9763}.Debug|Any CPU.ActiveCfg = Debug|Any CPU
		{0FDB4ACD-0F11-43CC-B777-D58D112A9763}.Debug|Any CPU.Build.0 = Debug|Any CPU
		{0FDB4ACD-0F11-43CC-B777-D58D112A9763}.Release|Any CPU.ActiveCfg = Release|Any CPU
		{0FDB4ACD-0F11-43CC-B777-D58D112A9763}.Release|Any CPU.Build.0 = Release|Any CPU
		{31290C15-807E-4F92-895D-C8035D58AAC3}.Debug|Any CPU.ActiveCfg = Debug|Any CPU
		{31290C15-807E-4F92-895D-C8035D58AAC3}.Debug|Any CPU.Build.0 = Debug|Any CPU
		{31290C15-807E-4F92-895D-C8035D58AAC3}.Release|Any CPU.ActiveCfg = Release|Any CPU
		{31290C15-807E-4F92-895D-C8035D58AAC3}.Release|Any CPU.Build.0 = Release|Any CPU
		{D3161FDC-CA40-42E7-90A8-02075AB1027B}.Debug|Any CPU.ActiveCfg = Debug|Any CPU
		{D3161FDC-CA40-42E7-90A8-02075AB1027B}.Debug|Any CPU.Build.0 = Debug|Any CPU
		{D3161FDC-CA40-42E7-90A8-02075AB1027B}.Release|Any CPU.ActiveCfg = Release|Any CPU
		{D3161FDC-CA40-42E7-90A8-02075AB1027B}.Release|Any CPU.Build.0 = Release|Any CPU
		{E1ED4C5B-2B09-4C19-BB7D-1A07A9804365}.Debug|Any CPU.ActiveCfg = Debug|Any CPU
		{E1ED4C5B-2B09-4C19-BB7D-1A07A9804365}.Debug|Any CPU.Build.0 = Debug|Any CPU
		{E1ED4C5B-2B09-4C19-BB7D-1A07A9804365}.Release|Any CPU.ActiveCfg = Release|Any CPU
		{E1ED4C5B-2B09-4C19-BB7D-1A07A9804365}.Release|Any CPU.Build.0 = Release|Any CPU
		{6AB4A417-5F76-48C6-92C1-080AFBA52D8B}.Debug|Any CPU.ActiveCfg = Debug|Any CPU
		{6AB4A417-5F76-48C6-92C1-080AFBA52D8B}.Debug|Any CPU.Build.0 = Debug|Any CPU
		{6AB4A417-5F76-48C6-92C1-080AFBA52D8B}.Release|Any CPU.ActiveCfg = Release|Any CPU
		{6AB4A417-5F76-48C6-92C1-080AFBA52D8B}.Release|Any CPU.Build.0 = Release|Any CPU
		{04202A79-FC40-4DCD-9D08-D55214D814D8}.Debug|Any CPU.ActiveCfg = Debug|Any CPU
		{04202A79-FC40-4DCD-9D08-D55214D814D8}.Debug|Any CPU.Build.0 = Debug|Any CPU
		{04202A79-FC40-4DCD-9D08-D55214D814D8}.Release|Any CPU.ActiveCfg = Release|Any CPU
		{04202A79-FC40-4DCD-9D08-D55214D814D8}.Release|Any CPU.Build.0 = Release|Any CPU
		{6A28EAFE-1B8B-4801-8382-7B312F0774E7}.Debug|Any CPU.ActiveCfg = Debug|Any CPU
		{6A28EAFE-1B8B-4801-8382-7B312F0774E7}.Debug|Any CPU.Build.0 = Debug|Any CPU
		{6A28EAFE-1B8B-4801-8382-7B312F0774E7}.Release|Any CPU.ActiveCfg = Release|Any CPU
		{6A28EAFE-1B8B-4801-8382-7B312F0774E7}.Release|Any CPU.Build.0 = Release|Any CPU
		{FFF9DFD8-6B8C-4BE3-967D-4A532FBBD6DD}.Debug|Any CPU.ActiveCfg = Debug|Any CPU
		{FFF9DFD8-6B8C-4BE3-967D-4A532FBBD6DD}.Debug|Any CPU.Build.0 = Debug|Any CPU
		{FFF9DFD8-6B8C-4BE3-967D-4A532FBBD6DD}.Release|Any CPU.ActiveCfg = Release|Any CPU
		{FFF9DFD8-6B8C-4BE3-967D-4A532FBBD6DD}.Release|Any CPU.Build.0 = Release|Any CPU
		{BE85779E-34C2-47DA-ABF5-0A629C04029B}.Debug|Any CPU.ActiveCfg = Debug|Any CPU
		{BE85779E-34C2-47DA-ABF5-0A629C04029B}.Debug|Any CPU.Build.0 = Debug|Any CPU
		{BE85779E-34C2-47DA-ABF5-0A629C04029B}.Release|Any CPU.ActiveCfg = Release|Any CPU
		{BE85779E-34C2-47DA-ABF5-0A629C04029B}.Release|Any CPU.Build.0 = Release|Any CPU
		{156D2974-36B2-493C-BF74-6D5D6303C215}.Debug|Any CPU.ActiveCfg = Debug|Any CPU
		{156D2974-36B2-493C-BF74-6D5D6303C215}.Debug|Any CPU.Build.0 = Debug|Any CPU
		{156D2974-36B2-493C-BF74-6D5D6303C215}.Release|Any CPU.ActiveCfg = Release|Any CPU
		{156D2974-36B2-493C-BF74-6D5D6303C215}.Release|Any CPU.Build.0 = Release|Any CPU
	EndGlobalSection
	GlobalSection(SolutionProperties) = preSolution
		HideSolutionNode = FALSE
	EndGlobalSection
	GlobalSection(NestedProjects) = preSolution
		{DCA68119-D086-44AF-A067-A6B9F3FEEA80} = {3C5BEEB8-B7C8-4E3F-9CE6-224D78C82C15}
		{3E104867-6004-47A1-AB24-8158A307EDB5} = {3C5BEEB8-B7C8-4E3F-9CE6-224D78C82C15}
		{0FDB4ACD-0F11-43CC-B777-D58D112A9763} = {3C5BEEB8-B7C8-4E3F-9CE6-224D78C82C15}
		{EBE7ECFD-0942-49A9-BF98-0FE9378C1472} = {3C5BEEB8-B7C8-4E3F-9CE6-224D78C82C15}
		{31290C15-807E-4F92-895D-C8035D58AAC3} = {3C5BEEB8-B7C8-4E3F-9CE6-224D78C82C15}
		{D3161FDC-CA40-42E7-90A8-02075AB1027B} = {3C5BEEB8-B7C8-4E3F-9CE6-224D78C82C15}
		{04202A79-FC40-4DCD-9D08-D55214D814D8} = {3C5BEEB8-B7C8-4E3F-9CE6-224D78C82C15}
		{6A28EAFE-1B8B-4801-8382-7B312F0774E7} = {3C5BEEB8-B7C8-4E3F-9CE6-224D78C82C15}
	EndGlobalSection
EndGlobal
