
Microsoft Visual Studio Solution File, Format Version 11.00
# Visual Studio 2010
Project("{FAE04EC0-301F-11D3-BF4B-00C04F79EFBC}") = "test", "test\test.csproj", "{5B05EA49-D39A-414B-8B8B-63E272236368}"
EndProject
Project("{FAE04EC0-301F-11D3-BF4B-00C04F79EFBC}") = "test.Web", "test.Web\test.Web.csproj", "{5CE0166D-32F3-4931-9667-37E881F4C978}"
EndProject
Project("{FAE04EC0-301F-11D3-BF4B-00C04F79EFBC}") = "BriefNewsControl", "BriefNewsControl\BriefNewsControl.csproj", "{E645C59E-D572-493B-9BC7-12F9DBCA0E9F}"
EndProject
Global
	GlobalSection(SolutionConfigurationPlatforms) = preSolution
		Debug|Any CPU = Debug|Any CPU
		Release|Any CPU = Release|Any CPU
	EndGlobalSection
	GlobalSection(ProjectConfigurationPlatforms) = postSolution
		{5B05EA49-D39A-414B-8B8B-63E272236368}.Debug|Any CPU.ActiveCfg = Debug|Any CPU
		{5B05EA49-D39A-414B-8B8B-63E272236368}.Debug|Any CPU.Build.0 = Debug|Any CPU
		{5B05EA49-D39A-414B-8B8B-63E272236368}.Release|Any CPU.ActiveCfg = Release|Any CPU
		{5B05EA49-D39A-414B-8B8B-63E272236368}.Release|Any CPU.Build.0 = Release|Any CPU
		{5CE0166D-32F3-4931-9667-37E881F4C978}.Debug|Any CPU.ActiveCfg = Debug|Any CPU
		{5CE0166D-32F3-4931-9667-37E881F4C978}.Debug|Any CPU.Build.0 = Debug|Any CPU
		{5CE0166D-32F3-4931-9667-37E881F4C978}.Release|Any CPU.ActiveCfg = Release|Any CPU
		{5CE0166D-32F3-4931-9667-37E881F4C978}.Release|Any CPU.Build.0 = Release|Any CPU
		{E645C59E-D572-493B-9BC7-12F9DBCA0E9F}.Debug|Any CPU.ActiveCfg = Debug|Any CPU
		{E645C59E-D572-493B-9BC7-12F9DBCA0E9F}.Debug|Any CPU.Build.0 = Debug|Any CPU
		{E645C59E-D572-493B-9BC7-12F9DBCA0E9F}.Release|Any CPU.ActiveCfg = Release|Any CPU
		{E645C59E-D572-493B-9BC7-12F9DBCA0E9F}.Release|Any CPU.Build.0 = Release|Any CPU
	EndGlobalSection
	GlobalSection(SolutionProperties) = preSolution
		HideSolutionNode = FALSE
	EndGlobalSection
EndGlobal
