
Microsoft Visual Studio Solution File, Format Version 11.00
# Visual Studio 2010
Project("{FAE04EC0-301F-11D3-BF4B-00C04F79EFBC}") = "MashupDesignTool", "MashupDesignTool\MashupDesignTool.csproj", "{DA6FF65C-EC6A-4CE8-8328-7BAF4E68FD9B}"
EndProject
Project("{FAE04EC0-301F-11D3-BF4B-00C04F79EFBC}") = "MashupDesignTool.Web", "MashupDesignTool.Web\MashupDesignTool.Web.csproj", "{67732A09-3443-42F8-95EA-595C41CFBF8A}"
EndProject
Global
	GlobalSection(SolutionConfigurationPlatforms) = preSolution
		Debug|Any CPU = Debug|Any CPU
		Release|Any CPU = Release|Any CPU
	EndGlobalSection
	GlobalSection(ProjectConfigurationPlatforms) = postSolution
		{DA6FF65C-EC6A-4CE8-8328-7BAF4E68FD9B}.Debug|Any CPU.ActiveCfg = Debug|Any CPU
		{DA6FF65C-EC6A-4CE8-8328-7BAF4E68FD9B}.Debug|Any CPU.Build.0 = Debug|Any CPU
		{DA6FF65C-EC6A-4CE8-8328-7BAF4E68FD9B}.Release|Any CPU.ActiveCfg = Release|Any CPU
		{DA6FF65C-EC6A-4CE8-8328-7BAF4E68FD9B}.Release|Any CPU.Build.0 = Release|Any CPU
		{67732A09-3443-42F8-95EA-595C41CFBF8A}.Debug|Any CPU.ActiveCfg = Debug|Any CPU
		{67732A09-3443-42F8-95EA-595C41CFBF8A}.Debug|Any CPU.Build.0 = Debug|Any CPU
		{67732A09-3443-42F8-95EA-595C41CFBF8A}.Release|Any CPU.ActiveCfg = Release|Any CPU
		{67732A09-3443-42F8-95EA-595C41CFBF8A}.Release|Any CPU.Build.0 = Release|Any CPU
	EndGlobalSection
	GlobalSection(SolutionProperties) = preSolution
		HideSolutionNode = FALSE
	EndGlobalSection
EndGlobal
